
Microsoft Visual Studio Solution File, Format Version 12.00
# Visual Studio 15
VisualStudioVersion = 15.0.28307.489
MinimumVisualStudioVersion = 10.0.40219.1
Project("{8BC9CEB8-8B4A-11D0-8D11-00A0C91BC942}") = "gettingStarted", "gettingStarted\gettingStarted.vcxproj", "{BFE67E4F-956A-4207-8DA0-8B4B206B3196}"
	ProjectSection(ProjectDependencies) = postProject
		{9DF068F0-6598-4B47-8C11-20538A84831F} = {9DF068F0-6598-4B47-8C11-20538A84831F}
	EndProjectSection
EndProject
Project("{8BC9CEB8-8B4A-11D0-8D11-00A0C91BC942}") = "DawnEngine", "DawnEngine\DawnEngine.vcxproj", "{9DF068F0-6598-4B47-8C11-20538A84831F}"
EndProject
Project("{8BC9CEB8-8B4A-11D0-8D11-00A0C91BC942}") = "ZombieShooter", "ZombieShooter\ZombieShooter.vcxproj", "{995C2CC7-8CFE-4F4C-B474-947BFADECA46}"
	ProjectSection(ProjectDependencies) = postProject
		{9DF068F0-6598-4B47-8C11-20538A84831F} = {9DF068F0-6598-4B47-8C11-20538A84831F}
	EndProjectSection
EndProject
Global
	GlobalSection(SolutionConfigurationPlatforms) = preSolution
		Debug|x64 = Debug|x64
		Debug|x86 = Debug|x86
		Release|x64 = Release|x64
		Release|x86 = Release|x86
	EndGlobalSection
	GlobalSection(ProjectConfigurationPlatforms) = postSolution
		{BFE67E4F-956A-4207-8DA0-8B4B206B3196}.Debug|x64.ActiveCfg = Debug|x64
		{BFE67E4F-956A-4207-8DA0-8B4B206B3196}.Debug|x64.Build.0 = Debug|x64
		{BFE67E4F-956A-4207-8DA0-8B4B206B3196}.Debug|x86.ActiveCfg = Debug|Win32
		{BFE67E4F-956A-4207-8DA0-8B4B206B3196}.Debug|x86.Build.0 = Debug|Win32
		{BFE67E4F-956A-4207-8DA0-8B4B206B3196}.Release|x64.ActiveCfg = Release|x64
		{BFE67E4F-956A-4207-8DA0-8B4B206B3196}.Release|x64.Build.0 = Release|x64
		{BFE67E4F-956A-4207-8DA0-8B4B206B3196}.Release|x86.ActiveCfg = Release|Win32
		{BFE67E4F-956A-4207-8DA0-8B4B206B3196}.Release|x86.Build.0 = Release|Win32
		{9DF068F0-6598-4B47-8C11-20538A84831F}.Debug|x64.ActiveCfg = Debug|x64
		{9DF068F0-6598-4B47-8C11-20538A84831F}.Debug|x64.Build.0 = Debug|x64
		{9DF068F0-6598-4B47-8C11-20538A84831F}.Debug|x86.ActiveCfg = Debug|Win32
		{9DF068F0-6598-4B47-8C11-20538A84831F}.Debug|x86.Build.0 = Debug|Win32
		{9DF068F0-6598-4B47-8C11-20538A84831F}.Release|x64.ActiveCfg = Release|x64
		{9DF068F0-6598-4B47-8C11-20538A84831F}.Release|x64.Build.0 = Release|x64
		{9DF068F0-6598-4B47-8C11-20538A84831F}.Release|x86.ActiveCfg = Release|Win32
		{9DF068F0-6598-4B47-8C11-20538A84831F}.Release|x86.Build.0 = Release|Win32
		{995C2CC7-8CFE-4F4C-B474-947BFADECA46}.Debug|x64.ActiveCfg = Debug|x64
		{995C2CC7-8CFE-4F4C-B474-947BFADECA46}.Debug|x64.Build.0 = Debug|x64
		{995C2CC7-8CFE-4F4C-B474-947BFADECA46}.Debug|x86.ActiveCfg = Debug|Win32
		{995C2CC7-8CFE-4F4C-B474-947BFADECA46}.Debug|x86.Build.0 = Debug|Win32
		{995C2CC7-8CFE-4F4C-B474-947BFADECA46}.Release|x64.ActiveCfg = Release|x64
		{995C2CC7-8CFE-4F4C-B474-947BFADECA46}.Release|x64.Build.0 = Release|x64
		{995C2CC7-8CFE-4F4C-B474-947BFADECA46}.Release|x86.ActiveCfg = Release|Win32
		{995C2CC7-8CFE-4F4C-B474-947BFADECA46}.Release|x86.Build.0 = Release|Win32
	EndGlobalSection
	GlobalSection(SolutionProperties) = preSolution
		HideSolutionNode = FALSE
	EndGlobalSection
	GlobalSection(ExtensibilityGlobals) = postSolution
		SolutionGuid = {F6B5AAE3-6EDD-4770-BC5E-1A23A32E5BE8}
	EndGlobalSection
EndGlobal
